
Microsoft Visual Studio Solution File, Format Version 12.00
# Visual Studio Version 16
VisualStudioVersion = 16.0.30907.101
MinimumVisualStudioVersion = 10.0.40219.1
Project("{FAE04EC0-301F-11D3-BF4B-00C04F79EFBC}") = "WebAPI", "WebAPI\WebAPI.csproj", "{D4A87BF8-58E7-449E-8A84-461ED1085A55}"
EndProject
Project("{FAE04EC0-301F-11D3-BF4B-00C04F79EFBC}") = "WebAPITests", "WebAPITests\WebAPITests.csproj", "{4E6B8C6A-5D69-4AA5-9D5F-490B9605056C}"
EndProject
Global
	GlobalSection(SolutionConfigurationPlatforms) = preSolution
		Debug|Any CPU = Debug|Any CPU
		Release|Any CPU = Release|Any CPU
	EndGlobalSection
	GlobalSection(ProjectConfigurationPlatforms) = postSolution
		{D4A87BF8-58E7-449E-8A84-461ED1085A55}.Debug|Any CPU.ActiveCfg = Debug|Any CPU
		{D4A87BF8-58E7-449E-8A84-461ED1085A55}.Debug|Any CPU.Build.0 = Debug|Any CPU
		{D4A87BF8-58E7-449E-8A84-461ED1085A55}.Release|Any CPU.ActiveCfg = Release|Any CPU
		{D4A87BF8-58E7-449E-8A84-461ED1085A55}.Release|Any CPU.Build.0 = Release|Any CPU
		{4E6B8C6A-5D69-4AA5-9D5F-490B9605056C}.Debug|Any CPU.ActiveCfg = Debug|Any CPU
		{4E6B8C6A-5D69-4AA5-9D5F-490B9605056C}.Debug|Any CPU.Build.0 = Debug|Any CPU
		{4E6B8C6A-5D69-4AA5-9D5F-490B9605056C}.Release|Any CPU.ActiveCfg = Release|Any CPU
		{4E6B8C6A-5D69-4AA5-9D5F-490B9605056C}.Release|Any CPU.Build.0 = Release|Any CPU
	EndGlobalSection
	GlobalSection(SolutionProperties) = preSolution
		HideSolutionNode = FALSE
	EndGlobalSection
	GlobalSection(ExtensibilityGlobals) = postSolution
		SolutionGuid = {42464755-774C-4F08-BBAF-F7682365F493}
	EndGlobalSection
EndGlobal
